
Microsoft Visual Studio Solution File, Format Version 12.00
# Visual Studio Version 17
VisualStudioVersion = 17.14.36310.24
MinimumVisualStudioVersion = 10.0.40219.1
Project("{FAE04EC0-301F-11D3-BF4B-00C04F79EFBC}") = "API", "Bootstrapper\API\API.csproj", "{E39197E9-7D90-4DCE-B79B-7B858453431C}"
EndProject
Project("{2150E333-8FDC-42A3-9474-1A3956D46DE8}") = "Modules", "Modules", "{02EA681E-C7D8-13C7-8484-4AC65E1B71E8}"
EndProject
Project("{2150E333-8FDC-42A3-9474-1A3956D46DE8}") = "Shared", "Shared", "{565E0E11-8CA6-46C6-9744-41840D06D90D}"
EndProject
Project("{2150E333-8FDC-42A3-9474-1A3956D46DE8}") = "Bootstrapper", "Bootstrapper", "{06C944F9-F526-4AAB-AFF1-02E12BE5021C}"
EndProject
Project("{2150E333-8FDC-42A3-9474-1A3956D46DE8}") = "Catalog", "Catalog", "{3F2BE6F0-E8DA-4BFD-BE83-1AF3750CD072}"
EndProject
Project("{2150E333-8FDC-42A3-9474-1A3956D46DE8}") = "Basket", "Basket", "{FB1E2014-2604-453D-A724-40C8E20B7A47}"
EndProject
Project("{2150E333-8FDC-42A3-9474-1A3956D46DE8}") = "Order", "Order", "{E4159090-41FB-4487-A417-C365E2A2ED4D}"
EndProject
Project("{FAE04EC0-301F-11D3-BF4B-00C04F79EFBC}") = "Shared", "Shared\Shared\Shared.csproj", "{08BC4BCD-4D8D-44BD-9E15-E068D70A0A36}"
EndProject
Project("{FAE04EC0-301F-11D3-BF4B-00C04F79EFBC}") = "Basket", "Basket\Basket.csproj", "{7985F9C0-DA9D-4A2F-BEA5-E3FB504617F8}"
EndProject
Project("{FAE04EC0-301F-11D3-BF4B-00C04F79EFBC}") = "Catalog", "Catalog\Catalog.csproj", "{60DA661E-EA54-43EF-BE90-ECAC017FEEFE}"
EndProject
Project("{FAE04EC0-301F-11D3-BF4B-00C04F79EFBC}") = "Order", "Order\Order.csproj", "{E7B00D42-A894-44EA-9249-B86459414245}"
EndProject
Global
	GlobalSection(SolutionConfigurationPlatforms) = preSolution
		Debug|Any CPU = Debug|Any CPU
		Release|Any CPU = Release|Any CPU
	EndGlobalSection
	GlobalSection(ProjectConfigurationPlatforms) = postSolution
		{E39197E9-7D90-4DCE-B79B-7B858453431C}.Debug|Any CPU.ActiveCfg = Debug|Any CPU
		{E39197E9-7D90-4DCE-B79B-7B858453431C}.Debug|Any CPU.Build.0 = Debug|Any CPU
		{E39197E9-7D90-4DCE-B79B-7B858453431C}.Release|Any CPU.ActiveCfg = Release|Any CPU
		{E39197E9-7D90-4DCE-B79B-7B858453431C}.Release|Any CPU.Build.0 = Release|Any CPU
		{08BC4BCD-4D8D-44BD-9E15-E068D70A0A36}.Debug|Any CPU.ActiveCfg = Debug|Any CPU
		{08BC4BCD-4D8D-44BD-9E15-E068D70A0A36}.Debug|Any CPU.Build.0 = Debug|Any CPU
		{08BC4BCD-4D8D-44BD-9E15-E068D70A0A36}.Release|Any CPU.ActiveCfg = Release|Any CPU
		{08BC4BCD-4D8D-44BD-9E15-E068D70A0A36}.Release|Any CPU.Build.0 = Release|Any CPU
		{7985F9C0-DA9D-4A2F-BEA5-E3FB504617F8}.Debug|Any CPU.ActiveCfg = Debug|Any CPU
		{7985F9C0-DA9D-4A2F-BEA5-E3FB504617F8}.Debug|Any CPU.Build.0 = Debug|Any CPU
		{7985F9C0-DA9D-4A2F-BEA5-E3FB504617F8}.Release|Any CPU.ActiveCfg = Release|Any CPU
		{7985F9C0-DA9D-4A2F-BEA5-E3FB504617F8}.Release|Any CPU.Build.0 = Release|Any CPU
		{60DA661E-EA54-43EF-BE90-ECAC017FEEFE}.Debug|Any CPU.ActiveCfg = Debug|Any CPU
		{60DA661E-EA54-43EF-BE90-ECAC017FEEFE}.Debug|Any CPU.Build.0 = Debug|Any CPU
		{60DA661E-EA54-43EF-BE90-ECAC017FEEFE}.Release|Any CPU.ActiveCfg = Release|Any CPU
		{60DA661E-EA54-43EF-BE90-ECAC017FEEFE}.Release|Any CPU.Build.0 = Release|Any CPU
		{E7B00D42-A894-44EA-9249-B86459414245}.Debug|Any CPU.ActiveCfg = Debug|Any CPU
		{E7B00D42-A894-44EA-9249-B86459414245}.Debug|Any CPU.Build.0 = Debug|Any CPU
		{E7B00D42-A894-44EA-9249-B86459414245}.Release|Any CPU.ActiveCfg = Release|Any CPU
		{E7B00D42-A894-44EA-9249-B86459414245}.Release|Any CPU.Build.0 = Release|Any CPU
	EndGlobalSection
	GlobalSection(SolutionProperties) = preSolution
		HideSolutionNode = FALSE
	EndGlobalSection
	GlobalSection(NestedProjects) = preSolution
		{E39197E9-7D90-4DCE-B79B-7B858453431C} = {06C944F9-F526-4AAB-AFF1-02E12BE5021C}
		{3F2BE6F0-E8DA-4BFD-BE83-1AF3750CD072} = {02EA681E-C7D8-13C7-8484-4AC65E1B71E8}
		{FB1E2014-2604-453D-A724-40C8E20B7A47} = {02EA681E-C7D8-13C7-8484-4AC65E1B71E8}
		{E4159090-41FB-4487-A417-C365E2A2ED4D} = {02EA681E-C7D8-13C7-8484-4AC65E1B71E8}
		{08BC4BCD-4D8D-44BD-9E15-E068D70A0A36} = {565E0E11-8CA6-46C6-9744-41840D06D90D}
		{7985F9C0-DA9D-4A2F-BEA5-E3FB504617F8} = {FB1E2014-2604-453D-A724-40C8E20B7A47}
		{60DA661E-EA54-43EF-BE90-ECAC017FEEFE} = {3F2BE6F0-E8DA-4BFD-BE83-1AF3750CD072}
		{E7B00D42-A894-44EA-9249-B86459414245} = {E4159090-41FB-4487-A417-C365E2A2ED4D}
	EndGlobalSection
	GlobalSection(ExtensibilityGlobals) = postSolution
		SolutionGuid = {D95930D9-2318-486E-88AD-C4941538444E}
	EndGlobalSection
EndGlobal
